{
  "name": "project-live",
  "lockfileVersion": 3,
  "requires": true,
  "packages": {
    "": {
      "dependencies": {
        "@lottiefiles/dotlottie-web": "^0.34.0"
      }
    },
    "node_modules/@lottiefiles/dotlottie-web": {
      "version": "0.34.0",
      "resolved": "https://registry.npmjs.org/@lottiefiles/dotlottie-web/-/dotlottie-web-0.34.0.tgz",
      "integrity": "sha512-lKayn0IaqFKcnLGxJKKaDlxwKqKBpHzZ7COMEZ0HYhd3cbI9GFJb9YDUgtdpzTH5uL9Eqnr19myWYmEXHPm9pQ==",
      "license": "MIT"
    }
  }
}
